<?xml version="1.0" encoding="utf-8"?>
<Project ToolsVersion="4.0" xmlns="http://schemas.microsoft.com/developer/msbuild/2003">
  <ItemGroup>
    <Filter Include="Source Files">
      <UniqueIdentifier>{4FC737F1-C7A5-4376-A066-2A32D752A2FF}</UniqueIdentifier>
      <Extensions>cpp;c;cc;cxx;def;odl;idl;hpj;bat;asm;asmx</Extensions>
    </Filter>
    <Filter Include="Header Files">
      <UniqueIdentifier>{93995380-89BD-4b04-88EB-625FBE52EBFB}</UniqueIdentifier>
      <Extensions>h;hh;hpp;hxx;hm;inl;inc;ipp;xsd</Extensions>
    </Filter>
    <Filter Include="Resource Files">
      <UniqueIdentifier>{67DA6AB6-F800-4c08-8B7A-83BB121AAD01}</UniqueIdentifier>
      <Extensions>rc;ico;cur;bmp;dlg;rc2;rct;bin;rgs;gif;jpg;jpeg;jpe;resx;tiff;tif;png;wav;mfcribbon-ms</Extensions>
    </Filter>
    <Filter Include="Source Files\Object">
      <UniqueIdentifier>{019eb30b-69e1-43c2-8325-b1eae9f84def}</UniqueIdentifier>
    </Filter>
    <Filter Include="Header Files\Button">
      <UniqueIdentifier>{cc6d0f96-17e2-496a-9a74-bfe9b5bc057a}</UniqueIdentifier>
    </Filter>
    <Filter Include="Source Files\Button">
      <UniqueIdentifier>{a985c922-3e5c-41c3-9e76-bcb2edd13b38}</UniqueIdentifier>
    </Filter>
    <Filter Include="Header Files\Graphics">
      <UniqueIdentifier>{7ea6136f-ea79-4805-9bdd-650a9b28360c}</UniqueIdentifier>
    </Filter>
    <Filter Include="Header Files\Between">
      <UniqueIdentifier>{37639bff-6d2f-4c86-b68b-9610ce476758}</UniqueIdentifier>
    </Filter>
    <Filter Include="Source Files\Between">
      <UniqueIdentifier>{949ce1e0-d37e-4f3a-b9ff-8f79dcfaceae}</UniqueIdentifier>
    </Filter>
    <Filter Include="Header Files\Object">
      <UniqueIdentifier>{96e01e28-8d33-47b3-99c3-f6c3e641efcd}</UniqueIdentifier>
    </Filter>
  </ItemGroup>
  <ItemGroup>
    <ClInclude Include="Controller.h">
      <Filter>Header Files</Filter>
    </ClInclude>
    <ClInclude Include="Menu.h">
      <Filter>Header Files</Filter>
    </ClInclude>
    <ClInclude Include="Button.h">
      <Filter>Header Files\Button</Filter>
    </ClInclude>
    <ClInclude Include="Exit.h">
      <Filter>Header Files\Button</Filter>
    </ClInclude>
    <ClInclude Include="Hammer.h">
      <Filter>Header Files\Button</Filter>
    </ClInclude>
    <ClInclude Include="NewGame.h">
      <Filter>Header Files\Button</Filter>
    </ClInclude>
    <ClInclude Include="Parachute.h">
      <Filter>Header Files\Button</Filter>
    </ClInclude>
    <ClInclude Include="ResetLevel.h">
      <Filter>Header Files\Button</Filter>
    </ClInclude>
    <ClInclude Include="StopSign.h">
      <Filter>Header Files\Button</Filter>
    </ClInclude>
    <ClInclude Include="Tools.h">
      <Filter>Header Files\Button</Filter>
    </ClInclude>
    <ClInclude Include="Constants.h">
      <Filter>Header Files</Filter>
    </ClInclude>
    <ClInclude Include="TinyXML\tinystr.h">
      <Filter>Header Files\Graphics</Filter>
    </ClInclude>
    <ClInclude Include="TinyXML\tinyxml.h">
      <Filter>Header Files\Graphics</Filter>
    </ClInclude>
    <ClInclude Include="Animation.hpp">
      <Filter>Header Files\Graphics</Filter>
    </ClInclude>
    <ClInclude Include="Climb.h">
      <Filter>Header Files\Button</Filter>
    </ClInclude>
    <ClInclude Include="BetweenStages.h">
      <Filter>Header Files\Between</Filter>
    </ClInclude>
    <ClInclude Include="Start.h">
      <Filter>Header Files\Between</Filter>
    </ClInclude>
    <ClInclude Include="End.h">
      <Filter>Header Files\Between</Filter>
    </ClInclude>
    <ClInclude Include="Stay.h">
      <Filter>Header Files\Between</Filter>
    </ClInclude>
    <ClInclude Include="Next.h">
      <Filter>Header Files\Between</Filter>
    </ClInclude>
    <ClInclude Include="ClimbingWallConstruction.h">
      <Filter>Header Files\Button</Filter>
    </ClInclude>
    <ClInclude Include="Pause.h">
      <Filter>Header Files\Button</Filter>
    </ClInclude>
    <ClInclude Include="Med.h">
      <Filter>Header Files\Button</Filter>
    </ClInclude>
    <ClInclude Include="Instruction.h">
      <Filter>Header Files\Between</Filter>
    </ClInclude>
    <ClInclude Include="Faster.h">
      <Filter>Header Files\Button</Filter>
    </ClInclude>
    <ClInclude Include="GameBoard.h">
      <Filter>Header Files</Filter>
    </ClInclude>
    <ClInclude Include="GameMusic.h">
      <Filter>Header Files</Filter>
    </ClInclude>
    <ClInclude Include="Border.h">
      <Filter>Header Files\Object</Filter>
    </ClInclude>
    <ClInclude Include="ClimbingWall.h">
      <Filter>Header Files\Object</Filter>
    </ClInclude>
    <ClInclude Include="DynamicObject.h">
      <Filter>Header Files\Object</Filter>
    </ClInclude>
    <ClInclude Include="EntranceGate.h">
      <Filter>Header Files\Object</Filter>
    </ClInclude>
    <ClInclude Include="ExitGate.h">
      <Filter>Header Files\Object</Filter>
    </ClInclude>
    <ClInclude Include="GameObject.h">
      <Filter>Header Files\Object</Filter>
    </ClInclude>
    <ClInclude Include="Lapid.h">
      <Filter>Header Files\Object</Filter>
    </ClInclude>
    <ClInclude Include="Lemming.h">
      <Filter>Header Files\Object</Filter>
    </ClInclude>
    <ClInclude Include="Spikes.h">
      <Filter>Header Files\Object</Filter>
    </ClInclude>
    <ClInclude Include="StaticObject.h">
      <Filter>Header Files\Object</Filter>
    </ClInclude>
    <ClInclude Include="Wall.h">
      <Filter>Header Files\Object</Filter>
    </ClInclude>
    <ClInclude Include="Water.h">
      <Filter>Header Files\Object</Filter>
    </ClInclude>
    <ClInclude Include="InfoBar.h">
      <Filter>Header Files</Filter>
    </ClInclude>
  </ItemGroup>
  <ItemGroup>
    <ClCompile Include="Controller.cpp">
      <Filter>Source Files</Filter>
    </ClCompile>
    <ClCompile Include="Menu.cpp">
      <Filter>Source Files</Filter>
    </ClCompile>
    <ClCompile Include="Button.cpp">
      <Filter>Source Files\Button</Filter>
    </ClCompile>
    <ClCompile Include="Exit.cpp">
      <Filter>Source Files\Button</Filter>
    </ClCompile>
    <ClCompile Include="Hammer.cpp">
      <Filter>Source Files\Button</Filter>
    </ClCompile>
    <ClCompile Include="NewGame.cpp">
      <Filter>Source Files\Button</Filter>
    </ClCompile>
    <ClCompile Include="Parachute.cpp">
      <Filter>Source Files\Button</Filter>
    </ClCompile>
    <ClCompile Include="ResetLevel.cpp">
      <Filter>Source Files\Button</Filter>
    </ClCompile>
    <ClCompile Include="StopSign.cpp">
      <Filter>Source Files\Button</Filter>
    </ClCompile>
    <ClCompile Include="Tools.cpp">
      <Filter>Source Files\Button</Filter>
    </ClCompile>
    <ClCompile Include="main.cpp">
      <Filter>Source Files</Filter>
    </ClCompile>
    <ClCompile Include="TinyXML\tinystr.cpp">
      <Filter>Header Files\Graphics</Filter>
    </ClCompile>
    <ClCompile Include="TinyXML\tinyxml.cpp">
      <Filter>Header Files\Graphics</Filter>
    </ClCompile>
    <ClCompile Include="TinyXML\tinyxmlerror.cpp">
      <Filter>Header Files\Graphics</Filter>
    </ClCompile>
    <ClCompile Include="TinyXML\tinyxmlparser.cpp">
      <Filter>Header Files\Graphics</Filter>
    </ClCompile>
    <ClCompile Include="Climb.cpp">
      <Filter>Source Files\Button</Filter>
    </ClCompile>
    <ClCompile Include="BetweenStages.cpp">
      <Filter>Source Files\Between</Filter>
    </ClCompile>
    <ClCompile Include="Start.cpp">
      <Filter>Source Files\Between</Filter>
    </ClCompile>
    <ClCompile Include="End.cpp">
      <Filter>Source Files\Between</Filter>
    </ClCompile>
    <ClCompile Include="Stay.cpp">
      <Filter>Source Files\Between</Filter>
    </ClCompile>
    <ClCompile Include="Next.cpp">
      <Filter>Source Files\Between</Filter>
    </ClCompile>
    <ClCompile Include="ClimbingWallConstruction.cpp">
      <Filter>Source Files\Button</Filter>
    </ClCompile>
    <ClCompile Include="Pause.cpp">
      <Filter>Source Files\Button</Filter>
    </ClCompile>
    <ClCompile Include="Med.cpp">
      <Filter>Source Files\Button</Filter>
    </ClCompile>
    <ClCompile Include="Instruction.cpp">
      <Filter>Source Files\Between</Filter>
    </ClCompile>
    <ClCompile Include="Faster.cpp">
      <Filter>Source Files\Button</Filter>
    </ClCompile>
    <ClCompile Include="GameBoard.cpp">
      <Filter>Source Files</Filter>
    </ClCompile>
    <ClCompile Include="GameMusic.cpp">
      <Filter>Source Files</Filter>
    </ClCompile>
    <ClCompile Include="Border.cpp">
      <Filter>Source Files\Object</Filter>
    </ClCompile>
    <ClCompile Include="ClimbingWall.cpp">
      <Filter>Source Files\Object</Filter>
    </ClCompile>
    <ClCompile Include="DynamicObject.cpp">
      <Filter>Source Files\Object</Filter>
    </ClCompile>
    <ClCompile Include="EntranceGate.cpp">
      <Filter>Source Files\Object</Filter>
    </ClCompile>
    <ClCompile Include="ExitGate.cpp">
      <Filter>Source Files\Object</Filter>
    </ClCompile>
    <ClCompile Include="GameObject.cpp">
      <Filter>Source Files\Object</Filter>
    </ClCompile>
    <ClCompile Include="Lapid.cpp">
      <Filter>Source Files\Object</Filter>
    </ClCompile>
    <ClCompile Include="Lemming.cpp">
      <Filter>Source Files\Object</Filter>
    </ClCompile>
    <ClCompile Include="Spikes.cpp">
      <Filter>Source Files\Object</Filter>
    </ClCompile>
    <ClCompile Include="StaticObject.cpp">
      <Filter>Source Files\Object</Filter>
    </ClCompile>
    <ClCompile Include="Wall.cpp">
      <Filter>Source Files\Object</Filter>
    </ClCompile>
    <ClCompile Include="Water.cpp">
      <Filter>Source Files\Object</Filter>
    </ClCompile>
    <ClCompile Include="InfoBar.cpp">
      <Filter>Source Files</Filter>
    </ClCompile>
  </ItemGroup>
  <ItemGroup>
    <Text Include="Board.txt">
      <Filter>Resource Files</Filter>
    </Text>
    <Text Include="Dmo Board.txt">
      <Filter>Resource Files</Filter>
    </Text>
  </ItemGroup>
  <ItemGroup>
    <None Include="ClassDiagram.cd" />
  </ItemGroup>
</Project>